lockfileVersion: '9.0'

settings:
  autoInstallPeers: true
  excludeLinksFromLockfile: false

importers:

  .: {}

  packages/snowtooth-one:
    dependencies:
      '@snowtooth-mountain/snowtooth-two':
        specifier: ../snowtooth-two
        version: link:../snowtooth-two

  packages/snowtooth-two:
    dependencies:
      '@snowtooth-mountain/snowtooth-one':
        specifier: ../snowtooth-one
        version: link:../snowtooth-one
